// !$*UTF8*$!
{
	archiveVersion = 1;
	classes = {
	};
	objectVersion = 50;
	objects = {

/* Begin PBXBuildFile section */
		9F57318721894A8F0045E55C /* AppDelegate.m in Sources */ = {isa = PBXBuildFile; fileRef = 9F57318621894A8F0045E55C /* AppDelegate.m */; };
		9F57318A21894A8F0045E55C /* ViewController.m in Sources */ = {isa = PBXBuildFile; fileRef = 9F57318921894A8F0045E55C /* ViewController.m */; };
		9F57318D21894A8F0045E55C /* Main.storyboard in Resources */ = {isa = PBXBuildFile; fileRef = 9F57318B21894A8F0045E55C /* Main.storyboard */; };
		9F57318F21894A910045E55C /* Assets.xcassets in Resources */ = {isa = PBXBuildFile; fileRef = 9F57318E21894A910045E55C /* Assets.xcassets */; };
		9F57319221894A910045E55C /* LaunchScreen.storyboard in Resources */ = {isa = PBXBuildFile; fileRef = 9F57319021894A910045E55C /* LaunchScreen.storyboard */; };
		9F57319521894A910045E55C /* main.m in Sources */ = {isa = PBXBuildFile; fileRef = 9F57319421894A910045E55C /* main.m */; };
		9F5731A221894AED0045E55C /* tmp.jpg in Resources */ = {isa = PBXBuildFile; fileRef = 9F5731A121894AED0045E55C /* tmp.jpg */; };
		9F5731A8218955920045E55C /* MPLargeImageContentView.m in Sources */ = {isa = PBXBuildFile; fileRef = 9F5731A7218955920045E55C /* MPLargeImageContentView.m */; };
		9FDB54BC21899E5C00AE96BB /* MPLargeImageView.m in Sources */ = {isa = PBXBuildFile; fileRef = 9FDB54BB21899E5C00AE96BB /* MPLargeImageView.m */; };
		9FDB54BE2189AA1B00AE96BB /* tmp2.jpg in Resources */ = {isa = PBXBuildFile; fileRef = 9FDB54BD2189AA1B00AE96BB /* tmp2.jpg */; };
/* End PBXBuildFile section */

/* Begin PBXFileReference section */
		9F57318221894A8F0045E55C /* ObjCTmp.app */ = {isa = PBXFileReference; explicitFileType = wrapper.application; includeInIndex = 0; path = ObjCTmp.app; sourceTree = BUILT_PRODUCTS_DIR; };
		9F57318521894A8F0045E55C /* AppDelegate.h */ = {isa = PBXFileReference; lastKnownFileType = sourcecode.c.h; path = AppDelegate.h; sourceTree = "<group>"; };
		9F57318621894A8F0045E55C /* AppDelegate.m */ = {isa = PBXFileReference; lastKnownFileType = sourcecode.c.objc; path = AppDelegate.m; sourceTree = "<group>"; };
		9F57318821894A8F0045E55C /* ViewController.h */ = {isa = PBXFileReference; lastKnownFileType = sourcecode.c.h; path = ViewController.h; sourceTree = "<group>"; };
		9F57318921894A8F0045E55C /* ViewController.m */ = {isa = PBXFileReference; lastKnownFileType = sourcecode.c.objc; path = ViewController.m; sourceTree = "<group>"; };
		9F57318C21894A8F0045E55C /* Base */ = {isa = PBXFileReference; lastKnownFileType = file.storyboard; name = Base; path = Base.lproj/Main.storyboard; sourceTree = "<group>"; };
		9F57318E21894A910045E55C /* Assets.xcassets */ = {isa = PBXFileReference; lastKnownFileType = folder.assetcatalog; path = Assets.xcassets; sourceTree = "<group>"; };
		9F57319121894A910045E55C /* Base */ = {isa = PBXFileReference; lastKnownFileType = file.storyboard; name = Base; path = Base.lproj/LaunchScreen.storyboard; sourceTree = "<group>"; };
		9F57319321894A910045E55C /* Info.plist */ = {isa = PBXFileReference; lastKnownFileType = text.plist.xml; path = Info.plist; sourceTree = "<group>"; };
		9F57319421894A910045E55C /* main.m */ = {isa = PBXFileReference; lastKnownFileType = sourcecode.c.objc; path = main.m; sourceTree = "<group>"; };
		9F5731A121894AED0045E55C /* tmp.jpg */ = {isa = PBXFileReference; lastKnownFileType = image.jpeg; path = tmp.jpg; sourceTree = "<group>"; };
		9F5731A6218955920045E55C /* MPLargeImageContentView.h */ = {isa = PBXFileReference; lastKnownFileType = sourcecode.c.h; path = MPLargeImageContentView.h; sourceTree = "<group>"; };
		9F5731A7218955920045E55C /* MPLargeImageContentView.m */ = {isa = PBXFileReference; lastKnownFileType = sourcecode.c.objc; path = MPLargeImageContentView.m; sourceTree = "<group>"; };
		9FDB54BA21899E5C00AE96BB /* MPLargeImageView.h */ = {isa = PBXFileReference; lastKnownFileType = sourcecode.c.h; path = MPLargeImageView.h; sourceTree = "<group>"; };
		9FDB54BB21899E5C00AE96BB /* MPLargeImageView.m */ = {isa = PBXFileReference; lastKnownFileType = sourcecode.c.objc; path = MPLargeImageView.m; sourceTree = "<group>"; };
		9FDB54BD2189AA1B00AE96BB /* tmp2.jpg */ = {isa = PBXFileReference; lastKnownFileType = image.jpeg; path = tmp2.jpg; sourceTree = "<group>"; };
/* End PBXFileReference section */

/* Begin PBXFrameworksBuildPhase section */
		9F57317F21894A8F0045E55C /* Frameworks */ = {
			isa = PBXFrameworksBuildPhase;
			buildActionMask = 2147483647;
			files = (
			);
			runOnlyForDeploymentPostprocessing = 0;
		};
/* End PBXFrameworksBuildPhase section */

/* Begin PBXGroup section */
		9F57317921894A8F0045E55C = {
			isa = PBXGroup;
			children = (
				9F57318421894A8F0045E55C /* ObjCTmp */,
				9F57318321894A8F0045E55C /* Products */,
			);
			sourceTree = "<group>";
		};
		9F57318321894A8F0045E55C /* Products */ = {
			isa = PBXGroup;
			children = (
				9F57318221894A8F0045E55C /* ObjCTmp.app */,
			);
			name = Products;
			sourceTree = "<group>";
		};
		9F57318421894A8F0045E55C /* ObjCTmp */ = {
			isa = PBXGroup;
			children = (
				9F5731A121894AED0045E55C /* tmp.jpg */,
				9FDB54BD2189AA1B00AE96BB /* tmp2.jpg */,
				9F57318521894A8F0045E55C /* AppDelegate.h */,
				9F57318621894A8F0045E55C /* AppDelegate.m */,
				9F57318821894A8F0045E55C /* ViewController.h */,
				9F57318921894A8F0045E55C /* ViewController.m */,
				9F5731A6218955920045E55C /* MPLargeImageContentView.h */,
				9F5731A7218955920045E55C /* MPLargeImageContentView.m */,
				9FDB54BA21899E5C00AE96BB /* MPLargeImageView.h */,
				9FDB54BB21899E5C00AE96BB /* MPLargeImageView.m */,
				9F57318B21894A8F0045E55C /* Main.storyboard */,
				9F57318E21894A910045E55C /* Assets.xcassets */,
				9F57319021894A910045E55C /* LaunchScreen.storyboard */,
				9F57319321894A910045E55C /* Info.plist */,
				9F57319421894A910045E55C /* main.m */,
			);
			path = ObjCTmp;
			sourceTree = "<group>";
		};
/* End PBXGroup section */

/* Begin PBXNativeTarget section */
		9F57318121894A8F0045E55C /* ObjCTmp */ = {
			isa = PBXNativeTarget;
			buildConfigurationList = 9F57319821894A910045E55C /* Build configuration list for PBXNativeTarget "ObjCTmp" */;
			buildPhases = (
				9F57317E21894A8F0045E55C /* Sources */,
				9F57317F21894A8F0045E55C /* Frameworks */,
				9F57318021894A8F0045E55C /* Resources */,
			);
			buildRules = (
			);
			dependencies = (
			);
			name = ObjCTmp;
			productName = ObjCTmp;
			productReference = 9F57318221894A8F0045E55C /* ObjCTmp.app */;
			productType = "com.apple.product-type.application";
		};
/* End PBXNativeTarget section */

/* Begin PBXProject section */
		9F57317A21894A8F0045E55C /* Project object */ = {
			isa = PBXProject;
			attributes = {
				LastUpgradeCheck = 1000;
				ORGANIZATIONNAME = BourbonZ;
				TargetAttributes = {
					9F57318121894A8F0045E55C = {
						CreatedOnToolsVersion = 10.0;
					};
				};
			};
			buildConfigurationList = 9F57317D21894A8F0045E55C /* Build configuration list for PBXProject "ObjCTmp" */;
			compatibilityVersion = "Xcode 9.3";
			developmentRegion = en;
			hasScannedForEncodings = 0;
			knownRegions = (
				en,
				Base,
			);
			mainGroup = 9F57317921894A8F0045E55C;
			productRefGroup = 9F57318321894A8F0045E55C /* Products */;
			projectDirPath = "";
			projectRoot = "";
			targets = (
				9F57318121894A8F0045E55C /* ObjCTmp */,
			);
		};
/* End PBXProject section */

/* Begin PBXResourcesBuildPhase section */
		9F57318021894A8F0045E55C /* Resources */ = {
			isa = PBXResourcesBuildPhase;
			buildActionMask = 2147483647;
			files = (
				9F57319221894A910045E55C /* LaunchScreen.storyboard in Resources */,
				9F57318F21894A910045E55C /* Assets.xcassets in Resources */,
				9FDB54BE2189AA1B00AE96BB /* tmp2.jpg in Resources */,
				9F5731A221894AED0045E55C /* tmp.jpg in Resources */,
				9F57318D21894A8F0045E55C /* Main.storyboard in Resources */,
			);
			runOnlyForDeploymentPostprocessing = 0;
		};
/* End PBXResourcesBuildPhase section */

/* Begin PBXSourcesBuildPhase section */
		9F57317E21894A8F0045E55C /* Sources */ = {
			isa = PBXSourcesBuildPhase;
			buildActionMask = 2147483647;
			files = (
				9FDB54BC21899E5C00AE96BB /* MPLargeImageView.m in Sources */,
				9F57318A21894A8F0045E55C /* ViewController.m in Sources */,
				9F57319521894A910045E55C /* main.m in Sources */,
				9F57318721894A8F0045E55C /* AppDelegate.m in Sources */,
				9F5731A8218955920045E55C /* MPLargeImageContentView.m in Sources */,
			);
			runOnlyForDeploymentPostprocessing = 0;
		};
/* End PBXSourcesBuildPhase section */

/* Begin PBXVariantGroup section */
		9F57318B21894A8F0045E55C /* Main.storyboard */ = {
			isa = PBXVariantGroup;
			children = (
				9F57318C21894A8F0045E55C /* Base */,
			);
			name = Main.storyboard;
			sourceTree = "<group>";
		};
		9F57319021894A910045E55C /* LaunchScreen.storyboard */ = {
			isa = PBXVariantGroup;
			children = (
				9F57319121894A910045E55C /* Base */,
			);
			name = LaunchScreen.storyboard;
			sourceTree = "<group>";
		};
/* End PBXVariantGroup section */

/* Begin XCBuildConfiguration section */
		9F57319621894A910045E55C /* Debug */ = {
			isa = XCBuildConfiguration;
			buildSettings = {
				ALWAYS_SEARCH_USER_PATHS = NO;
				CLANG_ANALYZER_NONNULL = YES;
				CLANG_ANALYZER_NUMBER_OBJECT_CONVERSION = YES_AGGRESSIVE;
				CLANG_CXX_LANGUAGE_STANDARD = "gnu++14";
				CLANG_CXX_LIBRARY = "libc++";
				CLANG_ENABLE_MODULES = YES;
				CLANG_ENABLE_OBJC_ARC = YES;
				CLANG_ENABLE_OBJC_WEAK = YES;
				CLANG_WARN_BLOCK_CAPTURE_AUTORELEASING = YES;
				CLANG_WARN_BOOL_CONVERSION = YES;
				CLANG_WARN_COMMA = YES;
				CLANG_WARN_CONSTANT_CONVERSION = YES;
				CLANG_WARN_DEPRECATED_OBJC_IMPLEMENTATIONS = YES;
				CLANG_WARN_DIRECT_OBJC_ISA_USAGE = YES_ERROR;
				CLANG_WARN_DOCUMENTATION_COMMENTS = YES;
				CLANG_WARN_EMPTY_BODY = YES;
				CLANG_WARN_ENUM_CONVERSION = YES;
				CLANG_WARN_INFINITE_RECURSION = YES;
				CLANG_WARN_INT_CONVERSION = YES;
				CLANG_WARN_NON_LITERAL_NULL_CONVERSION = YES;
				CLANG_WARN_OBJC_IMPLICIT_RETAIN_SELF = YES;
				CLANG_WARN_OBJC_LITERAL_CONVERSION = YES;
				CLANG_WARN_OBJC_ROOT_CLASS = YES_ERROR;
				CLANG_WARN_RANGE_LOOP_ANALYSIS = YES;
				CLANG_WARN_STRICT_PROTOTYPES = YES;
				CLANG_WARN_SUSPICIOUS_MOVE = YES;
				CLANG_WARN_UNGUARDED_AVAILABILITY = YES_AGGRESSIVE;
				CLANG_WARN_UNREACHABLE_CODE = YES;
				CLANG_WARN__DUPLICATE_METHOD_MATCH = YES;
				CODE_SIGN_IDENTITY = "iPhone Developer";
				COPY_PHASE_STRIP = NO;
				DEBUG_INFORMATION_FORMAT = dwarf;
				ENABLE_STRICT_OBJC_MSGSEND = YES;
				ENABLE_TESTABILITY = YES;
				GCC_C_LANGUAGE_STANDARD = gnu11;
				GCC_DYNAMIC_NO_PIC = NO;
				GCC_NO_COMMON_BLOCKS = YES;
				GCC_OPTIMIZATION_LEVEL = 0;
				GCC_PREPROCESSOR_DEFINITIONS = (
					"DEBUG=1",
					"$(inherited)",
				);
				GCC_WARN_64_TO_32_BIT_CONVERSION = YES;
				GCC_WARN_ABOUT_RETURN_TYPE = YES_ERROR;
				GCC_WARN_UNDECLARED_SELECTOR = YES;
				GCC_WARN_UNINITIALIZED_AUTOS = YES_AGGRESSIVE;
				GCC_WARN_UNUSED_FUNCTION = YES;
				GCC_WARN_UNUSED_VARIABLE = YES;
				IPHONEOS_DEPLOYMENT_TARGET = 12.0;
				MTL_ENABLE_DEBUG_INFO = INCLUDE_SOURCE;
				MTL_FAST_MATH = YES;
				ONLY_ACTIVE_ARCH = YES;
				SDKROOT = iphoneos;
			};
			name = Debug;
		};
		9F57319721894A910045E55C /* Release */ = {
			isa = XCBuildConfiguration;
			buildSettings = {
				ALWAYS_SEARCH_USER_PATHS = NO;
				CLANG_ANALYZER_NONNULL = YES;
				CLANG_ANALYZER_NUMBER_OBJECT_CONVERSION = YES_AGGRESSIVE;
				CLANG_CXX_LANGUAGE_STANDARD = "gnu++14";
				CLANG_CXX_LIBRARY = "libc++";
				CLANG_ENABLE_MODULES = YES;
				CLANG_ENABLE_OBJC_ARC = YES;
				CLANG_ENABLE_OBJC_WEAK = YES;
				CLANG_WARN_BLOCK_CAPTURE_AUTORELEASING = YES;
				CLANG_WARN_BOOL_CONVERSION = YES;
				CLANG_WARN_COMMA = YES;
				CLANG_WARN_CONSTANT_CONVERSION = YES;
				CLANG_WARN_DEPRECATED_OBJC_IMPLEMENTATIONS = YES;
				CLANG_WARN_DIRECT_OBJC_ISA_USAGE = YES_ERROR;
				CLANG_WARN_DOCUMENTATION_COMMENTS = YES;
				CLANG_WARN_EMPTY_BODY = YES;
				CLANG_WARN_ENUM_CONVERSION = YES;
				CLANG_WARN_INFINITE_RECURSION = YES;
				CLANG_WARN_INT_CONVERSION = YES;
				CLANG_WARN_NON_LITERAL_NULL_CONVERSION = YES;
				CLANG_WARN_OBJC_IMPLICIT_RETAIN_SELF = YES;
				CLANG_WARN_OBJC_LITERAL_CONVERSION = YES;
				CLANG_WARN_OBJC_ROOT_CLASS = YES_ERROR;
				CLANG_WARN_RANGE_LOOP_ANALYSIS = YES;
				CLANG_WARN_STRICT_PROTOTYPES = YES;
				CLANG_WARN_SUSPICIOUS_MOVE = YES;
				CLANG_WARN_UNGUARDED_AVAILABILITY = YES_AGGRESSIVE;
				CLANG_WARN_UNREACHABLE_CODE = YES;
				CLANG_WARN__DUPLICATE_METHOD_MATCH = YES;
				CODE_SIGN_IDENTITY = "iPhone Developer";
				COPY_PHASE_STRIP = NO;
				DEBUG_INFORMATION_FORMAT = "dwarf-with-dsym";
				ENABLE_NS_ASSERTIONS = NO;
				ENABLE_STRICT_OBJC_MSGSEND = YES;
				GCC_C_LANGUAGE_STANDARD = gnu11;
				GCC_NO_COMMON_BLOCKS = YES;
				GCC_WARN_64_TO_32_BIT_CONVERSION = YES;
				GCC_WARN_ABOUT_RETURN_TYPE = YES_ERROR;
				GCC_WARN_UNDECLARED_SELECTOR = YES;
				GCC_WARN_UNINITIALIZED_AUTOS = YES_AGGRESSIVE;
				GCC_WARN_UNUSED_FUNCTION = YES;
				GCC_WARN_UNUSED_VARIABLE = YES;
				IPHONEOS_DEPLOYMENT_TARGET = 12.0;
				MTL_ENABLE_DEBUG_INFO = NO;
				MTL_FAST_MATH = YES;
				SDKROOT = iphoneos;
				VALIDATE_PRODUCT = YES;
			};
			name = Release;
		};
		9F57319921894A910045E55C /* Debug */ = {
			isa = XCBuildConfiguration;
			buildSettings = {
				ASSETCATALOG_COMPILER_APPICON_NAME = AppIcon;
				CODE_SIGN_STYLE = Automatic;
				DEVELOPMENT_TEAM = KGJ4XQW272;
				INFOPLIST_FILE = ObjCTmp/Info.plist;
				LD_RUNPATH_SEARCH_PATHS = (
					"$(inherited)",
					"@executable_path/Frameworks",
				);
				PRODUCT_BUNDLE_IDENTIFIER = com.bourbonz.ObjCTmp;
				PRODUCT_NAME = "$(TARGET_NAME)";
				TARGETED_DEVICE_FAMILY = "1,2";
			};
			name = Debug;
		};
		9F57319A21894A910045E55C /* Release */ = {
			isa = XCBuildConfiguration;
			buildSettings = {
				ASSETCATALOG_COMPILER_APPICON_NAME = AppIcon;
				CODE_SIGN_STYLE = Automatic;
				DEVELOPMENT_TEAM = KGJ4XQW272;
				INFOPLIST_FILE = ObjCTmp/Info.plist;
				LD_RUNPATH_SEARCH_PATHS = (
					"$(inherited)",
					"@executable_path/Frameworks",
				);
				PRODUCT_BUNDLE_IDENTIFIER = com.bourbonz.ObjCTmp;
				PRODUCT_NAME = "$(TARGET_NAME)";
				TARGETED_DEVICE_FAMILY = "1,2";
			};
			name = Release;
		};
/* End XCBuildConfiguration section */

/* Begin XCConfigurationList section */
		9F57317D21894A8F0045E55C /* Build configuration list for PBXProject "ObjCTmp" */ = {
			isa = XCConfigurationList;
			buildConfigurations = (
				9F57319621894A910045E55C /* Debug */,
				9F57319721894A910045E55C /* Release */,
			);
			defaultConfigurationIsVisible = 0;
			defaultConfigurationName = Release;
		};
		9F57319821894A910045E55C /* Build configuration list for PBXNativeTarget "ObjCTmp" */ = {
			isa = XCConfigurationList;
			buildConfigurations = (
				9F57319921894A910045E55C /* Debug */,
				9F57319A21894A910045E55C /* Release */,
			);
			defaultConfigurationIsVisible = 0;
			defaultConfigurationName = Release;
		};
/* End XCConfigurationList section */
	};
	rootObject = 9F57317A21894A8F0045E55C /* Project object */;
}
